
Microsoft Visual Studio Solution File, Format Version 12.00
# Visual Studio Version 17
VisualStudioVersion = 17.1.32228.430
MinimumVisualStudioVersion = 10.0.40219.1
Project("{FAE04EC0-301F-11D3-BF4B-00C04F79EFBC}") = "Vertex-Ai", "Vertex-Ai.csproj", "{55B19B81-4541-4562-89B2-831F62C641B2}"
EndProject
Global
	GlobalSection(SolutionConfigurationPlatforms) = preSolution
		Debug|Any CPU = Debug|Any CPU
		Release|Any CPU = Release|Any CPU
	EndGlobalSection
	GlobalSection(ProjectConfigurationPlatforms) = postSolution
		{55B19B81-4541-4562-89B2-831F62C641B2}.Debug|Any CPU.ActiveCfg = Debug|Any CPU
		{55B19B81-4541-4562-89B2-831F62C641B2}.Debug|Any CPU.Build.0 = Debug|Any CPU
		{55B19B81-4541-4562-89B2-831F62C641B2}.Release|Any CPU.ActiveCfg = Release|Any CPU
		{55B19B81-4541-4562-89B2-831F62C641B2}.Release|Any CPU.Build.0 = Release|Any CPU
	EndGlobalSection
	GlobalSection(SolutionProperties) = preSolution
		HideSolutionNode = FALSE
	EndGlobalSection
	GlobalSection(ExtensibilityGlobals) = postSolution
		SolutionGuid = {553A274A-EEA9-41A4-A702-9A875CEC4AC8}
	EndGlobalSection
EndGlobal
